# This file is automatically @generated by Cargo.
# It is not intended for manual editing.
version = 4

[[package]]
name = "lum_boxtypes"
version = "0.2.0"
source = "registry+https://github.com/rust-lang/crates.io-index"
checksum = "00c9a14a5387c0faeeb886b4077708b1f4dc9c24fb4880149626124f7de982d0"

[[package]]
name = "lum_event"
version = "0.2.2"
source = "registry+https://github.com/rust-lang/crates.io-index"
checksum = "d828326561ec535f9ab7e9eb12f97dfbfffe20361bf3591e670cd281315c8da2"
dependencies = [
 "lum_boxtypes",
 "lum_libs",
 "lum_log",
 "thiserror",
]

[[package]]
name = "lum_libs"
version = "0.2.4"
source = "registry+https://github.com/rust-lang/crates.io-index"
checksum = "8f3039febce6ac695d69072a5943dc74e0b08d6d55f3dac14b58212cf4d5f305"

[[package]]
name = "lum_log"
version = "0.2.3"
source = "registry+https://github.com/rust-lang/crates.io-index"
checksum = "1f5ff53d11fa0f4700f1a613993da39caed49ac73601d93570a94c2febd3d33f"
dependencies = [
 "lum_libs",
]

[[package]]
name = "lum_service"
version = "0.2.0"
dependencies = [
 "lum_boxtypes",
 "lum_event",
 "lum_libs",
 "lum_log",
 "thiserror",
]

[[package]]
name = "proc-macro2"
version = "1.0.93"
source = "registry+https://github.com/rust-lang/crates.io-index"
checksum = "60946a68e5f9d28b0dc1c21bb8a97ee7d018a8b322fa57838ba31cc878e22d99"
dependencies = [
 "unicode-ident",
]

[[package]]
name = "quote"
version = "1.0.38"
source = "registry+https://github.com/rust-lang/crates.io-index"
checksum = "0e4dccaaaf89514f546c693ddc140f729f958c247918a13380cccc6078391acc"
dependencies = [
 "proc-macro2",
]

[[package]]
name = "syn"
version = "2.0.98"
source = "registry+https://github.com/rust-lang/crates.io-index"
checksum = "36147f1a48ae0ec2b5b3bc5b537d267457555a10dc06f3dbc8cb11ba3006d3b1"
dependencies = [
 "proc-macro2",
 "quote",
 "unicode-ident",
]

[[package]]
name = "thiserror"
version = "2.0.12"
source = "registry+https://github.com/rust-lang/crates.io-index"
checksum = "567b8a2dae586314f7be2a752ec7474332959c6460e02bde30d702a66d488708"
dependencies = [
 "thiserror-impl",
]

[[package]]
name = "thiserror-impl"
version = "2.0.12"
source = "registry+https://github.com/rust-lang/crates.io-index"
checksum = "7f7cf42b4507d8ea322120659672cf1b9dbb93f8f2d4ecfd6e51350ff5b17a1d"
dependencies = [
 "proc-macro2",
 "quote",
 "syn",
]

[[package]]
name = "unicode-ident"
version = "1.0.17"
source = "registry+https://github.com/rust-lang/crates.io-index"
checksum = "00e2473a93778eb0bad35909dff6a10d28e63f792f16ed15e404fca9d5eeedbe"
